
Microsoft Visual Studio Solution File, Format Version 12.00
# Visual Studio Version 16
VisualStudioVersion = 16.0.31729.503
MinimumVisualStudioVersion = 10.0.40219.1
Project("{2150E333-8FDC-42A3-9474-1A3956D46DE8}") = "Microservice", "Microservice", "{DB840101-026A-4C6A-8BC9-BF9F3D2DB775}"
EndProject
Project("{2150E333-8FDC-42A3-9474-1A3956D46DE8}") = "Identity", "Identity", "{36827932-C667-48D8-998F-F93F8DDFB988}"
EndProject
Project("{2150E333-8FDC-42A3-9474-1A3956D46DE8}") = "Membership", "Membership", "{18394EA7-64E8-44FD-BB3B-7E1BF906E826}"
EndProject
Project("{9A19103F-16F7-4668-BE54-9A1E7A4F7556}") = "Identity.Api", "Identity.Api\Identity.Api.csproj", "{73F63925-FF08-4012-90FE-2E7F449F4D4D}"
EndProject
Project("{9A19103F-16F7-4668-BE54-9A1E7A4F7556}") = "Identity.CQRS", "Identity.CQRS\Identity.CQRS.csproj", "{86168CCC-5766-46B5-BEF8-383E4E30F29A}"
EndProject
Project("{9A19103F-16F7-4668-BE54-9A1E7A4F7556}") = "Identity.Services", "Identity.Services\Identity.Services.csproj", "{66F37DCB-D235-410F-A0CC-827DAF05864B}"
EndProject
Project("{9A19103F-16F7-4668-BE54-9A1E7A4F7556}") = "Identity.DTOs", "Identity.DTOs\Identity.DTOs.csproj", "{88E5EC4A-6116-4887-94B5-371E868B00C9}"
EndProject
Project("{9A19103F-16F7-4668-BE54-9A1E7A4F7556}") = "Identity.Models", "Identity.Models\Identity.Models.csproj", "{059A1487-34F4-4C7E-8FAA-554B22755512}"
EndProject
Project("{9A19103F-16F7-4668-BE54-9A1E7A4F7556}") = "Identity.DAL", "Identity.DAL\Identity.DAL.csproj", "{FE387735-99DC-4FA0-AC6B-6650AF147438}"
EndProject
Project("{2150E333-8FDC-42A3-9474-1A3956D46DE8}") = "Common", "Common", "{032E632B-72E8-4E11-ADA4-A9924470A0BE}"
EndProject
Project("{9A19103F-16F7-4668-BE54-9A1E7A4F7556}") = "MyFirstOpenIddict.Common.Web.Results", "MyFirstOpenIddict.Common.Web.Results\MyFirstOpenIddict.Common.Web.Results.csproj", "{051B9510-CDA4-4780-B627-EE6C97C5E9EE}"
EndProject
Project("{9A19103F-16F7-4668-BE54-9A1E7A4F7556}") = "MyFirstOpenIddict.Common.Web.DTOs", "MyFirstOpenIddictCommon.Web.DTOs\MyFirstOpenIddict.Common.Web.DTOs.csproj", "{05742D2E-2B04-4BA8-BBCB-C23000191349}"
EndProject
Project("{9A19103F-16F7-4668-BE54-9A1E7A4F7556}") = "MyFirstOpenIddict.Common.Web.OpenIddict", "MyFirstOpenIddict.Common.Web.OpenIddict\MyFirstOpenIddict.Common.Web.OpenIddict.csproj", "{3C5FC29F-7959-44B0-A358-43765F18EDF0}"
EndProject
Project("{FAE04EC0-301F-11D3-BF4B-00C04F79EFBC}") = "MyFirstOpenIddict.Common.DependencyInjection.Autofac", "MyFirstOpenIddict.Common.DependencyInjection.Autofac\MyFirstOpenIddict.Common.DependencyInjection.Autofac.csproj", "{F8F80027-4626-4CC4-B0A4-4F0AD2B32812}"
EndProject
Project("{FAE04EC0-301F-11D3-BF4B-00C04F79EFBC}") = "MyFirstOpenIddict.Common.DependencyInjection", "MyFirstOpenIddict.Common.DependencyInjection\MyFirstOpenIddict.Common.DependencyInjection.csproj", "{74404523-8E69-48AB-BDA7-BC38FE772355}"
EndProject
Project("{FAE04EC0-301F-11D3-BF4B-00C04F79EFBC}") = "MyFirstOpenIddict.Common.Models", "MyFirstOpenIddict.Common.Models\MyFirstOpenIddict.Common.Models.csproj", "{019D7A42-C61C-43B4-9380-59E1747B20D4}"
EndProject
Project("{FAE04EC0-301F-11D3-BF4B-00C04F79EFBC}") = "MyFirstOpenIddict.Common.Data.EFCore", "MyFirstOpenIddict.Common.Data.EFCore\MyFirstOpenIddict.Common.Data.EFCore.csproj", "{6495CCAC-8FA7-4B9F-8DA7-F2DC0D453217}"
EndProject
Global
	GlobalSection(SolutionConfigurationPlatforms) = preSolution
		Debug|Any CPU = Debug|Any CPU
		Release|Any CPU = Release|Any CPU
	EndGlobalSection
	GlobalSection(ProjectConfigurationPlatforms) = postSolution
		{73F63925-FF08-4012-90FE-2E7F449F4D4D}.Debug|Any CPU.ActiveCfg = Debug|Any CPU
		{73F63925-FF08-4012-90FE-2E7F449F4D4D}.Debug|Any CPU.Build.0 = Debug|Any CPU
		{73F63925-FF08-4012-90FE-2E7F449F4D4D}.Release|Any CPU.ActiveCfg = Release|Any CPU
		{73F63925-FF08-4012-90FE-2E7F449F4D4D}.Release|Any CPU.Build.0 = Release|Any CPU
		{86168CCC-5766-46B5-BEF8-383E4E30F29A}.Debug|Any CPU.ActiveCfg = Debug|Any CPU
		{86168CCC-5766-46B5-BEF8-383E4E30F29A}.Debug|Any CPU.Build.0 = Debug|Any CPU
		{86168CCC-5766-46B5-BEF8-383E4E30F29A}.Release|Any CPU.ActiveCfg = Release|Any CPU
		{86168CCC-5766-46B5-BEF8-383E4E30F29A}.Release|Any CPU.Build.0 = Release|Any CPU
		{66F37DCB-D235-410F-A0CC-827DAF05864B}.Debug|Any CPU.ActiveCfg = Debug|Any CPU
		{66F37DCB-D235-410F-A0CC-827DAF05864B}.Debug|Any CPU.Build.0 = Debug|Any CPU
		{66F37DCB-D235-410F-A0CC-827DAF05864B}.Release|Any CPU.ActiveCfg = Release|Any CPU
		{66F37DCB-D235-410F-A0CC-827DAF05864B}.Release|Any CPU.Build.0 = Release|Any CPU
		{88E5EC4A-6116-4887-94B5-371E868B00C9}.Debug|Any CPU.ActiveCfg = Debug|Any CPU
		{88E5EC4A-6116-4887-94B5-371E868B00C9}.Debug|Any CPU.Build.0 = Debug|Any CPU
		{88E5EC4A-6116-4887-94B5-371E868B00C9}.Release|Any CPU.ActiveCfg = Release|Any CPU
		{88E5EC4A-6116-4887-94B5-371E868B00C9}.Release|Any CPU.Build.0 = Release|Any CPU
		{059A1487-34F4-4C7E-8FAA-554B22755512}.Debug|Any CPU.ActiveCfg = Debug|Any CPU
		{059A1487-34F4-4C7E-8FAA-554B22755512}.Debug|Any CPU.Build.0 = Debug|Any CPU
		{059A1487-34F4-4C7E-8FAA-554B22755512}.Release|Any CPU.ActiveCfg = Release|Any CPU
		{059A1487-34F4-4C7E-8FAA-554B22755512}.Release|Any CPU.Build.0 = Release|Any CPU
		{FE387735-99DC-4FA0-AC6B-6650AF147438}.Debug|Any CPU.ActiveCfg = Debug|Any CPU
		{FE387735-99DC-4FA0-AC6B-6650AF147438}.Debug|Any CPU.Build.0 = Debug|Any CPU
		{FE387735-99DC-4FA0-AC6B-6650AF147438}.Release|Any CPU.ActiveCfg = Release|Any CPU
		{FE387735-99DC-4FA0-AC6B-6650AF147438}.Release|Any CPU.Build.0 = Release|Any CPU
		{051B9510-CDA4-4780-B627-EE6C97C5E9EE}.Debug|Any CPU.ActiveCfg = Debug|Any CPU
		{051B9510-CDA4-4780-B627-EE6C97C5E9EE}.Debug|Any CPU.Build.0 = Debug|Any CPU
		{051B9510-CDA4-4780-B627-EE6C97C5E9EE}.Release|Any CPU.ActiveCfg = Release|Any CPU
		{051B9510-CDA4-4780-B627-EE6C97C5E9EE}.Release|Any CPU.Build.0 = Release|Any CPU
		{05742D2E-2B04-4BA8-BBCB-C23000191349}.Debug|Any CPU.ActiveCfg = Debug|Any CPU
		{05742D2E-2B04-4BA8-BBCB-C23000191349}.Debug|Any CPU.Build.0 = Debug|Any CPU
		{05742D2E-2B04-4BA8-BBCB-C23000191349}.Release|Any CPU.ActiveCfg = Release|Any CPU
		{05742D2E-2B04-4BA8-BBCB-C23000191349}.Release|Any CPU.Build.0 = Release|Any CPU
		{3C5FC29F-7959-44B0-A358-43765F18EDF0}.Debug|Any CPU.ActiveCfg = Debug|Any CPU
		{3C5FC29F-7959-44B0-A358-43765F18EDF0}.Debug|Any CPU.Build.0 = Debug|Any CPU
		{3C5FC29F-7959-44B0-A358-43765F18EDF0}.Release|Any CPU.ActiveCfg = Release|Any CPU
		{3C5FC29F-7959-44B0-A358-43765F18EDF0}.Release|Any CPU.Build.0 = Release|Any CPU
		{F8F80027-4626-4CC4-B0A4-4F0AD2B32812}.Debug|Any CPU.ActiveCfg = Debug|Any CPU
		{F8F80027-4626-4CC4-B0A4-4F0AD2B32812}.Debug|Any CPU.Build.0 = Debug|Any CPU
		{F8F80027-4626-4CC4-B0A4-4F0AD2B32812}.Release|Any CPU.ActiveCfg = Release|Any CPU
		{F8F80027-4626-4CC4-B0A4-4F0AD2B32812}.Release|Any CPU.Build.0 = Release|Any CPU
		{74404523-8E69-48AB-BDA7-BC38FE772355}.Debug|Any CPU.ActiveCfg = Debug|Any CPU
		{74404523-8E69-48AB-BDA7-BC38FE772355}.Debug|Any CPU.Build.0 = Debug|Any CPU
		{74404523-8E69-48AB-BDA7-BC38FE772355}.Release|Any CPU.ActiveCfg = Release|Any CPU
		{74404523-8E69-48AB-BDA7-BC38FE772355}.Release|Any CPU.Build.0 = Release|Any CPU
		{019D7A42-C61C-43B4-9380-59E1747B20D4}.Debug|Any CPU.ActiveCfg = Debug|Any CPU
		{019D7A42-C61C-43B4-9380-59E1747B20D4}.Debug|Any CPU.Build.0 = Debug|Any CPU
		{019D7A42-C61C-43B4-9380-59E1747B20D4}.Release|Any CPU.ActiveCfg = Release|Any CPU
		{019D7A42-C61C-43B4-9380-59E1747B20D4}.Release|Any CPU.Build.0 = Release|Any CPU
		{6495CCAC-8FA7-4B9F-8DA7-F2DC0D453217}.Debug|Any CPU.ActiveCfg = Debug|Any CPU
		{6495CCAC-8FA7-4B9F-8DA7-F2DC0D453217}.Debug|Any CPU.Build.0 = Debug|Any CPU
		{6495CCAC-8FA7-4B9F-8DA7-F2DC0D453217}.Release|Any CPU.ActiveCfg = Release|Any CPU
		{6495CCAC-8FA7-4B9F-8DA7-F2DC0D453217}.Release|Any CPU.Build.0 = Release|Any CPU
	EndGlobalSection
	GlobalSection(SolutionProperties) = preSolution
		HideSolutionNode = FALSE
	EndGlobalSection
	GlobalSection(NestedProjects) = preSolution
		{36827932-C667-48D8-998F-F93F8DDFB988} = {DB840101-026A-4C6A-8BC9-BF9F3D2DB775}
		{18394EA7-64E8-44FD-BB3B-7E1BF906E826} = {DB840101-026A-4C6A-8BC9-BF9F3D2DB775}
		{73F63925-FF08-4012-90FE-2E7F449F4D4D} = {36827932-C667-48D8-998F-F93F8DDFB988}
		{86168CCC-5766-46B5-BEF8-383E4E30F29A} = {36827932-C667-48D8-998F-F93F8DDFB988}
		{66F37DCB-D235-410F-A0CC-827DAF05864B} = {36827932-C667-48D8-998F-F93F8DDFB988}
		{88E5EC4A-6116-4887-94B5-371E868B00C9} = {36827932-C667-48D8-998F-F93F8DDFB988}
		{059A1487-34F4-4C7E-8FAA-554B22755512} = {36827932-C667-48D8-998F-F93F8DDFB988}
		{FE387735-99DC-4FA0-AC6B-6650AF147438} = {36827932-C667-48D8-998F-F93F8DDFB988}
		{051B9510-CDA4-4780-B627-EE6C97C5E9EE} = {032E632B-72E8-4E11-ADA4-A9924470A0BE}
		{05742D2E-2B04-4BA8-BBCB-C23000191349} = {032E632B-72E8-4E11-ADA4-A9924470A0BE}
		{3C5FC29F-7959-44B0-A358-43765F18EDF0} = {032E632B-72E8-4E11-ADA4-A9924470A0BE}
		{F8F80027-4626-4CC4-B0A4-4F0AD2B32812} = {032E632B-72E8-4E11-ADA4-A9924470A0BE}
		{74404523-8E69-48AB-BDA7-BC38FE772355} = {032E632B-72E8-4E11-ADA4-A9924470A0BE}
		{019D7A42-C61C-43B4-9380-59E1747B20D4} = {032E632B-72E8-4E11-ADA4-A9924470A0BE}
		{6495CCAC-8FA7-4B9F-8DA7-F2DC0D453217} = {032E632B-72E8-4E11-ADA4-A9924470A0BE}
	EndGlobalSection
	GlobalSection(ExtensibilityGlobals) = postSolution
		SolutionGuid = {FF5DF211-7F5E-4F77-8A69-6C5EFB4AEE13}
	EndGlobalSection
EndGlobal
